{
  "originHash" : "d772f6fce30495314264d329622a24b32c53cdbcef6d5a602d850ce8776a30ea",
  "pins" : [
    {
      "identity" : "fdb-swift-bindings",
      "kind" : "remoteSourceControl",
      "location" : "https://github.com/1amageek/fdb-swift-bindings.git",
      "state" : {
        "branch" : "feature/directory-layer",
        "revision" : "1eb8ba65fcfc9be0abf48846229c49e45cacf313"
      }
    }
  ],
  "version" : 3
}
